// !$*UTF8*$!
{
	archiveVersion = 1;
	classes = {
	};
	objectVersion = 38;
	objects = {
		080E96DAFE201CDB7F000001 = {
			fileRef = 2A37F4B6FDCFA73011CA2CEA;
			isa = PBXBuildFile;
			settings = {
			};
		};
		089C165FFE840EACC02AAC07 = {
			children = (
				089C1660FE840EACC02AAC07,
			);
			isa = PBXVariantGroup;
			name = InfoPlist.strings;
			refType = 4;
		};
		089C1660FE840EACC02AAC07 = {
			fileEncoding = 10;
			isa = PBXFileReference;
			name = English;
			path = English.lproj/InfoPlist.strings;
			refType = 4;
		};
		089C1661FE840EACC02AAC07 = {
			fileRef = 089C165FFE840EACC02AAC07;
			isa = PBXBuildFile;
			settings = {
			};
		};
//080
//081
//082
//083
//084
//100
//101
//102
//103
//104
		1058C7A6FEA54F5311CA2CBB = {
			children = (
				1058C7A7FEA54F5311CA2CBB,
			);
			isa = PBXGroup;
			name = "Linked Frameworks";
			refType = 4;
		};
		1058C7A7FEA54F5311CA2CBB = {
			isa = PBXFrameworkReference;
			name = Cocoa.framework;
			path = /System/Library/Frameworks/Cocoa.framework;
			refType = 0;
		};
		1058C7A8FEA54F5311CA2CBB = {
			children = (
				2A37F4C5FDCFA73011CA2CEA,
				2A37F4C4FDCFA73011CA2CEA,
				F59729160427C57E01753048,
				F59729170427C57E01753048,
				F5D653FC042A1C5001000102,
			);
			isa = PBXGroup;
			name = "Other Frameworks";
			refType = 4;
		};
		1058C7A9FEA54F5311CA2CBB = {
			fileRef = 1058C7A7FEA54F5311CA2CBB;
			isa = PBXBuildFile;
			settings = {
			};
		};
//100
//101
//102
//103
//104
//170
//171
//172
//173
//174
		1758732AFF379DA111CA2CBB = {
			isa = PBXApplicationReference;
			path = EnhancedAudioBurn.app;
			refType = 3;
		};
//170
//171
//172
//173
//174
//190
//191
//192
//193
//194
		19C28FB0FE9D524F11CA2CBB = {
			children = (
				1758732AFF379DA111CA2CBB,
			);
			isa = PBXGroup;
			name = Products;
			refType = 4;
		};
//190
//191
//192
//193
//194
//2A0
//2A1
//2A2
//2A3
//2A4
		2A37F4A9FDCFA73011CA2CEA = {
			buildStyles = (
				4A9504D0FFE6A4CB11CA0CBA,
				4A9504D1FFE6A4CB11CA0CBA,
			);
			hasScannedForEncodings = 1;
			isa = PBXProject;
			mainGroup = 2A37F4AAFDCFA73011CA2CEA;
			projectDirPath = "";
			targets = (
				2A37F4C6FDCFA73011CA2CEA,
			);
		};
		2A37F4AAFDCFA73011CA2CEA = {
			children = (
				2A37F4ABFDCFA73011CA2CEA,
				2A37F4AFFDCFA73011CA2CEA,
				2A37F4B8FDCFA73011CA2CEA,
				2A37F4C3FDCFA73011CA2CEA,
				19C28FB0FE9D524F11CA2CBB,
			);
			isa = PBXGroup;
			name = EnhancedAudioBurn;
			path = "";
			refType = 4;
		};
		2A37F4ABFDCFA73011CA2CEA = {
			children = (
				2A37F4AEFDCFA73011CA2CEA,
				2A37F4ACFDCFA73011CA2CEA,
				F5FA9A2E04281DE60157F106,
				F5FA9A2D04281DE60157F106,
				8AE0DAA1042E0E0100000102,
				8AE0DAA2042E0E0100000102,
				8A98C7F4042FE76C00BDBAE6,
				8A98C7F3042FE76C00BDBAE6,
				F5D653F6042A103A01000102,
				F5D653F7042A103A01000102,
			);
			isa = PBXGroup;
			name = Classes;
			path = "";
			refType = 4;
		};
		2A37F4ACFDCFA73011CA2CEA = {
			fileEncoding = 30;
			isa = PBXFileReference;
			path = AudioCDDocument.m;
			refType = 4;
		};
		2A37F4AEFDCFA73011CA2CEA = {
			fileEncoding = 30;
			isa = PBXFileReference;
			path = AudioCDDocument.h;
			refType = 4;
		};
		2A37F4AFFDCFA73011CA2CEA = {
			children = (
				2A37F4B0FDCFA73011CA2CEA,
			);
			isa = PBXGroup;
			name = "Other Sources";
			path = "";
			refType = 4;
		};
		2A37F4B0FDCFA73011CA2CEA = {
			fileEncoding = 30;
			isa = PBXFileReference;
			path = main.m;
			refType = 4;
		};
		2A37F4B6FDCFA73011CA2CEA = {
			children = (
				2A37F4B7FDCFA73011CA2CEA,
			);
			isa = PBXVariantGroup;
			name = MainMenu.nib;
			path = "";
			refType = 4;
		};
		2A37F4B7FDCFA73011CA2CEA = {
			isa = PBXFileReference;
			name = English;
			path = English.lproj/MainMenu.nib;
			refType = 4;
		};
		2A37F4B8FDCFA73011CA2CEA = {
			children = (
				2A37F4B6FDCFA73011CA2CEA,
				F597291304278BDD01753048,
				089C165FFE840EACC02AAC07,
				F5634F3704289ECB01260B53,
			);
			isa = PBXGroup;
			name = Resources;
			path = "";
			refType = 4;
		};
		2A37F4C3FDCFA73011CA2CEA = {
			children = (
				1058C7A6FEA54F5311CA2CBB,
				1058C7A8FEA54F5311CA2CBB,
			);
			isa = PBXGroup;
			name = Frameworks;
			path = "";
			refType = 4;
		};
		2A37F4C4FDCFA73011CA2CEA = {
			isa = PBXFrameworkReference;
			name = AppKit.framework;
			path = /System/Library/Frameworks/AppKit.framework;
			refType = 0;
		};
		2A37F4C5FDCFA73011CA2CEA = {
			isa = PBXFrameworkReference;
			name = Foundation.framework;
			path = /System/Library/Frameworks/Foundation.framework;
			refType = 0;
		};
		2A37F4C6FDCFA73011CA2CEA = {
			buildPhases = (
				2A37F4C7FDCFA73011CA2CEA,
				2A37F4C9FDCFA73011CA2CEA,
				2A37F4CEFDCFA73011CA2CEA,
				2A37F4D1FDCFA73011CA2CEA,
			);
			buildSettings = {
				FRAMEWORK_SEARCH_PATHS = "";
				HEADER_SEARCH_PATHS = "";
				INSTALL_PATH = "$(HOME)/Applications";
				LIBRARY_SEARCH_PATHS = "";
				OTHER_CFLAGS = "";
				OTHER_LDFLAGS = "";
				PRODUCT_NAME = EnhancedAudioBurn;
				SECTORDER_FLAGS = "";
				WARNING_CFLAGS = "-Wmost -Wno-four-char-constants -Wno-unknown-pragmas";
				WRAPPER_EXTENSION = app;
			};
			dependencies = (
			);
			isa = PBXApplicationTarget;
			name = EnhancedAudioBurn;
			productInstallPath = "$(HOME)/Applications";
			productName = EnhancedAudioBurn;
			productReference = 1758732AFF379DA111CA2CBB;
			productSettingsXML = "<?xml version=\"1.0\" encoding=\"UTF-8\"?>
<!DOCTYPE plist PUBLIC \"-//Apple Computer//DTD PLIST 1.0//EN\" \"http://www.apple.com/DTDs/PropertyList-1.0.dtd\">
<plist version=\"1.0\">
<dict>
	<key>CFBundleDevelopmentRegion</key>
	<string>English</string>
	<key>CFBundleDocumentTypes</key>
	<array>
		<dict>
			<key>CFBundleTypeExtensions</key>
			<array>
				<string>audio-burn</string>
			</array>
			<key>CFBundleTypeName</key>
			<string>Audio Burn Document</string>
			<key>CFBundleTypeOSTypes</key>
			<array>
				<string>????</string>
			</array>
			<key>CFBundleTypeRole</key>
			<string>Editor</string>
			<key>NSDocumentClass</key>
			<string>AudioCDDocument</string>
		</dict>
	</array>
	<key>CFBundleExecutable</key>
	<string>EnhancedAudioBurn</string>
	<key>CFBundleIconFile</key>
	<string></string>
	<key>CFBundleIdentifier</key>
	<string>com.apple.DiscRecording.samples.EnhancedAudioBurn</string>
	<key>CFBundleInfoDictionaryVersion</key>
	<string>6.0</string>
	<key>CFBundleName</key>
	<string>Enhanced Audio Burn</string>
	<key>CFBundlePackageType</key>
	<string>APPL</string>
	<key>CFBundleShortVersionString</key>
	<string>0.5, Copyright 2003 Apple Computer, Inc.</string>
	<key>CFBundleSignature</key>
	<string>????</string>
	<key>CFBundleVersion</key>
	<string>0.5</string>
	<key>NSMainNibFile</key>
	<string>MainMenu</string>
	<key>NSPrincipalClass</key>
	<string>NSApplication</string>
</dict>
</plist>
";
		};
		2A37F4C7FDCFA73011CA2CEA = {
			buildActionMask = 2147483647;
			files = (
				2A37F4C8FDCFA73011CA2CEA,
				F5FA9A3004281DE60157F106,
				F5D653F8042A103A01000102,
				8AE0DAA3042E0E0100000102,
				8A98C7F6042FE76C00BDBAE6,
			);
			isa = PBXHeadersBuildPhase;
			runOnlyForDeploymentPostprocessing = 0;
		};
		2A37F4C8FDCFA73011CA2CEA = {
			fileRef = 2A37F4AEFDCFA73011CA2CEA;
			isa = PBXBuildFile;
			settings = {
			};
		};
		2A37F4C9FDCFA73011CA2CEA = {
			buildActionMask = 2147483647;
			files = (
				080E96DAFE201CDB7F000001,
				089C1661FE840EACC02AAC07,
				F597291504278BE301753048,
				F5634F3904289ECF01260B53,
			);
			isa = PBXResourcesBuildPhase;
			runOnlyForDeploymentPostprocessing = 0;
		};
		2A37F4CEFDCFA73011CA2CEA = {
			buildActionMask = 2147483647;
			files = (
				2A37F4CFFDCFA73011CA2CEA,
				2A37F4D0FDCFA73011CA2CEA,
				F5FA9A2F04281DE60157F106,
				F5D653F9042A103A01000102,
				8AE0DAA4042E0E0100000102,
				8A98C7F5042FE76C00BDBAE6,
			);
			isa = PBXSourcesBuildPhase;
			runOnlyForDeploymentPostprocessing = 0;
		};
		2A37F4CFFDCFA73011CA2CEA = {
			fileRef = 2A37F4ACFDCFA73011CA2CEA;
			isa = PBXBuildFile;
			settings = {
				ATTRIBUTES = (
				);
			};
		};
		2A37F4D0FDCFA73011CA2CEA = {
			fileRef = 2A37F4B0FDCFA73011CA2CEA;
			isa = PBXBuildFile;
			settings = {
				ATTRIBUTES = (
				);
			};
		};
		2A37F4D1FDCFA73011CA2CEA = {
			buildActionMask = 2147483647;
			files = (
				1058C7A9FEA54F5311CA2CBB,
				F597295E0427C57F01753048,
				F597295F0427C57F01753048,
				F5D6541F042A1C5101000102,
			);
			isa = PBXFrameworksBuildPhase;
			runOnlyForDeploymentPostprocessing = 0;
		};
//2A0
//2A1
//2A2
//2A3
//2A4
//4A0
//4A1
//4A2
//4A3
//4A4
		4A9504D0FFE6A4CB11CA0CBA = {
			buildRules = (
			);
			buildSettings = {
				COPY_PHASE_STRIP = NO;
				OPTIMIZATION_CFLAGS = "-O0";
			};
			isa = PBXBuildStyle;
			name = Development;
		};
		4A9504D1FFE6A4CB11CA0CBA = {
			buildRules = (
			);
			buildSettings = {
				COPY_PHASE_STRIP = YES;
			};
			isa = PBXBuildStyle;
			name = Deployment;
		};
//4A0
//4A1
//4A2
//4A3
//4A4
//8A0
//8A1
//8A2
//8A3
//8A4
		8A98C7F3042FE76C00BDBAE6 = {
			fileEncoding = 30;
			isa = PBXFileReference;
			path = EABDictionaryHelpers.m;
			refType = 2;
		};
		8A98C7F4042FE76C00BDBAE6 = {
			fileEncoding = 30;
			isa = PBXFileReference;
			path = EABDictionaryHelpers.h;
			refType = 2;
		};
		8A98C7F5042FE76C00BDBAE6 = {
			fileRef = 8A98C7F3042FE76C00BDBAE6;
			isa = PBXBuildFile;
			settings = {
			};
		};
		8A98C7F6042FE76C00BDBAE6 = {
			fileRef = 8A98C7F4042FE76C00BDBAE6;
			isa = PBXBuildFile;
			settings = {
			};
		};
		8AE0DAA1042E0E0100000102 = {
			fileEncoding = 4;
			isa = PBXFileReference;
			path = TrackTable.h;
			refType = 4;
		};
		8AE0DAA2042E0E0100000102 = {
			fileEncoding = 4;
			isa = PBXFileReference;
			path = TrackTable.m;
			refType = 4;
		};
		8AE0DAA3042E0E0100000102 = {
			fileRef = 8AE0DAA1042E0E0100000102;
			isa = PBXBuildFile;
			settings = {
			};
		};
		8AE0DAA4042E0E0100000102 = {
			fileRef = 8AE0DAA2042E0E0100000102;
			isa = PBXBuildFile;
			settings = {
			};
		};
//8A0
//8A1
//8A2
//8A3
//8A4
//F50
//F51
//F52
//F53
//F54
		F5634F3704289ECB01260B53 = {
			children = (
				F5634F3804289ECC01260B53,
			);
			isa = PBXVariantGroup;
			name = Localizable.strings;
			path = "";
			refType = 4;
		};
		F5634F3804289ECC01260B53 = {
			fileEncoding = 10;
			isa = PBXFileReference;
			name = English;
			path = English.lproj/Localizable.strings;
			refType = 4;
		};
		F5634F3904289ECF01260B53 = {
			fileRef = F5634F3704289ECB01260B53;
			isa = PBXBuildFile;
			settings = {
			};
		};
		F597291304278BDD01753048 = {
			children = (
				F597291404278BDD01753048,
			);
			isa = PBXVariantGroup;
			name = AudioCDDocument.nib;
			path = "";
			refType = 2;
		};
		F597291404278BDD01753048 = {
			isa = PBXFileReference;
			name = English;
			path = English.lproj/AudioCDDocument.nib;
			refType = 4;
		};
		F597291504278BE301753048 = {
			fileRef = F597291304278BDD01753048;
			isa = PBXBuildFile;
			settings = {
			};
		};
		F59729160427C57E01753048 = {
			isa = PBXFrameworkReference;
			name = DiscRecording.framework;
			path = /System/Library/Frameworks/DiscRecording.framework;
			refType = 0;
		};
		F59729170427C57E01753048 = {
			isa = PBXFrameworkReference;
			name = DiscRecordingUI.framework;
			path = /System/Library/Frameworks/DiscRecordingUI.framework;
			refType = 0;
		};
		F597295E0427C57F01753048 = {
			fileRef = F59729160427C57E01753048;
			isa = PBXBuildFile;
			settings = {
			};
		};
		F597295F0427C57F01753048 = {
			fileRef = F59729170427C57E01753048;
			isa = PBXBuildFile;
			settings = {
			};
		};
		F5D653F6042A103A01000102 = {
			fileEncoding = 4;
			isa = PBXFileReference;
			path = EABQuickTimeHelpers.h;
			refType = 4;
		};
		F5D653F7042A103A01000102 = {
			fileEncoding = 4;
			isa = PBXFileReference;
			path = EABQuickTimeHelpers.m;
			refType = 4;
		};
		F5D653F8042A103A01000102 = {
			fileRef = F5D653F6042A103A01000102;
			isa = PBXBuildFile;
			settings = {
			};
		};
		F5D653F9042A103A01000102 = {
			fileRef = F5D653F7042A103A01000102;
			isa = PBXBuildFile;
			settings = {
			};
		};
		F5D653FC042A1C5001000102 = {
			isa = PBXFrameworkReference;
			name = QuickTime.framework;
			path = /System/Library/Frameworks/QuickTime.framework;
			refType = 0;
		};
		F5D6541F042A1C5101000102 = {
			fileRef = F5D653FC042A1C5001000102;
			isa = PBXBuildFile;
			settings = {
			};
		};
		F5FA9A2D04281DE60157F106 = {
			fileEncoding = 4;
			isa = PBXFileReference;
			path = AudioCDWindowController.m;
			refType = 4;
		};
		F5FA9A2E04281DE60157F106 = {
			fileEncoding = 4;
			isa = PBXFileReference;
			path = AudioCDWindowController.h;
			refType = 4;
		};
		F5FA9A2F04281DE60157F106 = {
			fileRef = F5FA9A2D04281DE60157F106;
			isa = PBXBuildFile;
			settings = {
			};
		};
		F5FA9A3004281DE60157F106 = {
			fileRef = F5FA9A2E04281DE60157F106;
			isa = PBXBuildFile;
			settings = {
			};
		};
	};
	rootObject = 2A37F4A9FDCFA73011CA2CEA;
}
